
Microsoft Visual Studio Solution File, Format Version 12.00
# Visual Studio Version 17
VisualStudioVersion = 17.14.36915.13 d17.14
MinimumVisualStudioVersion = 10.0.40219.1
Project("{FAE04EC0-301F-11D3-BF4B-00C04F79EFBC}") = "bookmasterIS34RR", "bookmasterIS34RR\bookmasterIS34RR.csproj", "{AED1E0E7-30AF-4783-98D6-564613215E0D}"
EndProject
Global
	GlobalSection(SolutionConfigurationPlatforms) = preSolution
		Debug|Any CPU = Debug|Any CPU
		Release|Any CPU = Release|Any CPU
	EndGlobalSection
	GlobalSection(ProjectConfigurationPlatforms) = postSolution
		{AED1E0E7-30AF-4783-98D6-564613215E0D}.Debug|Any CPU.ActiveCfg = Debug|Any CPU
		{AED1E0E7-30AF-4783-98D6-564613215E0D}.Debug|Any CPU.Build.0 = Debug|Any CPU
		{AED1E0E7-30AF-4783-98D6-564613215E0D}.Release|Any CPU.ActiveCfg = Release|Any CPU
		{AED1E0E7-30AF-4783-98D6-564613215E0D}.Release|Any CPU.Build.0 = Release|Any CPU
	EndGlobalSection
	GlobalSection(SolutionProperties) = preSolution
		HideSolutionNode = FALSE
	EndGlobalSection
	GlobalSection(ExtensibilityGlobals) = postSolution
		SolutionGuid = {A1BF8AF8-915F-482F-ADD6-DC66095950F0}
	EndGlobalSection
EndGlobal
